
Microsoft Visual Studio Solution File, Format Version 12.00
# Visual Studio 15
VisualStudioVersion = 15.0.28010.2050
MinimumVisualStudioVersion = 10.0.40219.1
Project("{FAE04EC0-301F-11D3-BF4B-00C04F79EFBC}") = "BDDSpec", "BDDSpec\BDDSpec.csproj", "{0E38DF79-D4E2-449B-9C60-D953029DA780}"
EndProject
Project("{FAE04EC0-301F-11D3-BF4B-00C04F79EFBC}") = "OnlineTillSystem", "OnlineTillSystem\OnlineTillSystem.csproj", "{9AF262F5-4ECB-4AB9-B983-193DFA18BDDD}"
EndProject
Global
	GlobalSection(SolutionConfigurationPlatforms) = preSolution
		Debug|Any CPU = Debug|Any CPU
		Release|Any CPU = Release|Any CPU
	EndGlobalSection
	GlobalSection(ProjectConfigurationPlatforms) = postSolution
		{0E38DF79-D4E2-449B-9C60-D953029DA780}.Debug|Any CPU.ActiveCfg = Debug|Any CPU
		{0E38DF79-D4E2-449B-9C60-D953029DA780}.Debug|Any CPU.Build.0 = Debug|Any CPU
		{0E38DF79-D4E2-449B-9C60-D953029DA780}.Release|Any CPU.ActiveCfg = Release|Any CPU
		{0E38DF79-D4E2-449B-9C60-D953029DA780}.Release|Any CPU.Build.0 = Release|Any CPU
		{9AF262F5-4ECB-4AB9-B983-193DFA18BDDD}.Debug|Any CPU.ActiveCfg = Debug|Any CPU
		{9AF262F5-4ECB-4AB9-B983-193DFA18BDDD}.Debug|Any CPU.Build.0 = Debug|Any CPU
		{9AF262F5-4ECB-4AB9-B983-193DFA18BDDD}.Release|Any CPU.ActiveCfg = Release|Any CPU
		{9AF262F5-4ECB-4AB9-B983-193DFA18BDDD}.Release|Any CPU.Build.0 = Release|Any CPU
	EndGlobalSection
	GlobalSection(SolutionProperties) = preSolution
		HideSolutionNode = FALSE
	EndGlobalSection
	GlobalSection(ExtensibilityGlobals) = postSolution
		SolutionGuid = {45A30D5D-7211-4C4F-8BEA-12B28EB9B401}
	EndGlobalSection
EndGlobal
